
Microsoft Visual Studio Solution File, Format Version 12.00
# Visual Studio 15
VisualStudioVersion = 15.0.28307.960
MinimumVisualStudioVersion = 10.0.40219.1
Project("{FAE04EC0-301F-11D3-BF4B-00C04F79EFBC}") = "rtaVideoStreamer", "rtaVideoStreamer\rtaVideoStreamer.csproj", "{2D41383D-99E1-45B9-AF0A-4F54AE20A46F}"
EndProject
Project("{FAE04EC0-301F-11D3-BF4B-00C04F79EFBC}") = "rtaNetworking.Streaming", "rtaNetworking.Streaming\rtaNetworking.Streaming.csproj", "{F961A5DF-7AE0-43F3-8CA3-01340D4A815F}"
EndProject
Project("{9A19103F-16F7-4668-BE54-9A1E7A4F7556}") = "libRtaNetworkStreaming", "libRtaNetworkStreaming\libRtaNetworkStreaming.csproj", "{791A2145-5C66-4595-9FC7-0B35DBDF29AD}"
EndProject
Project("{9A19103F-16F7-4668-BE54-9A1E7A4F7556}") = "rtaStreamingServer", "rtaStreamingServer\rtaStreamingServer.csproj", "{23A66122-0636-4368-A0EF-AD96E5B80A31}"
EndProject
Project("{FAE04EC0-301F-11D3-BF4B-00C04F79EFBC}") = "AudioRecorder", "AudioRecorder\AudioRecorder.csproj", "{DFFDFD31-52FD-41EA-B956-1480E035FA66}"
EndProject
Global
	GlobalSection(SolutionConfigurationPlatforms) = preSolution
		Debug|Any CPU = Debug|Any CPU
		Release|Any CPU = Release|Any CPU
	EndGlobalSection
	GlobalSection(ProjectConfigurationPlatforms) = postSolution
		{2D41383D-99E1-45B9-AF0A-4F54AE20A46F}.Debug|Any CPU.ActiveCfg = Debug|Any CPU
		{2D41383D-99E1-45B9-AF0A-4F54AE20A46F}.Debug|Any CPU.Build.0 = Debug|Any CPU
		{2D41383D-99E1-45B9-AF0A-4F54AE20A46F}.Release|Any CPU.ActiveCfg = Release|Any CPU
		{2D41383D-99E1-45B9-AF0A-4F54AE20A46F}.Release|Any CPU.Build.0 = Release|Any CPU
		{F961A5DF-7AE0-43F3-8CA3-01340D4A815F}.Debug|Any CPU.ActiveCfg = Debug|Any CPU
		{F961A5DF-7AE0-43F3-8CA3-01340D4A815F}.Debug|Any CPU.Build.0 = Debug|Any CPU
		{F961A5DF-7AE0-43F3-8CA3-01340D4A815F}.Release|Any CPU.ActiveCfg = Release|Any CPU
		{F961A5DF-7AE0-43F3-8CA3-01340D4A815F}.Release|Any CPU.Build.0 = Release|Any CPU
		{791A2145-5C66-4595-9FC7-0B35DBDF29AD}.Debug|Any CPU.ActiveCfg = Debug|Any CPU
		{791A2145-5C66-4595-9FC7-0B35DBDF29AD}.Debug|Any CPU.Build.0 = Debug|Any CPU
		{791A2145-5C66-4595-9FC7-0B35DBDF29AD}.Release|Any CPU.ActiveCfg = Release|Any CPU
		{791A2145-5C66-4595-9FC7-0B35DBDF29AD}.Release|Any CPU.Build.0 = Release|Any CPU
		{23A66122-0636-4368-A0EF-AD96E5B80A31}.Debug|Any CPU.ActiveCfg = Debug|Any CPU
		{23A66122-0636-4368-A0EF-AD96E5B80A31}.Debug|Any CPU.Build.0 = Debug|Any CPU
		{23A66122-0636-4368-A0EF-AD96E5B80A31}.Release|Any CPU.ActiveCfg = Release|Any CPU
		{23A66122-0636-4368-A0EF-AD96E5B80A31}.Release|Any CPU.Build.0 = Release|Any CPU
		{DFFDFD31-52FD-41EA-B956-1480E035FA66}.Debug|Any CPU.ActiveCfg = Debug|Any CPU
		{DFFDFD31-52FD-41EA-B956-1480E035FA66}.Debug|Any CPU.Build.0 = Debug|Any CPU
		{DFFDFD31-52FD-41EA-B956-1480E035FA66}.Release|Any CPU.ActiveCfg = Release|Any CPU
		{DFFDFD31-52FD-41EA-B956-1480E035FA66}.Release|Any CPU.Build.0 = Release|Any CPU
	EndGlobalSection
	GlobalSection(SolutionProperties) = preSolution
		HideSolutionNode = FALSE
	EndGlobalSection
	GlobalSection(ExtensibilityGlobals) = postSolution
		SolutionGuid = {325A72BF-0199-498B-952C-BFF6704AFFAC}
	EndGlobalSection
EndGlobal
